// !$*UTF8*$!
{
	archiveVersion = 1;
	classes = {
	};
	objectVersion = 50;
	objects = {

/* Begin PBXBuildFile section */
		3247969320EF5CAA00FDEC83 /* MurmurHash3.cpp in Sources */ = {isa = PBXBuildFile; fileRef = 3247969120EF5CAA00FDEC83 /* MurmurHash3.cpp */; };
		3247969B20F4B7A900FDEC83 /* main.cpp in Sources */ = {isa = PBXBuildFile; fileRef = 3247968720EF5BE100FDEC83 /* main.cpp */; };
		329F80B421087F35007E1542 /* libcrypto.a in Frameworks */ = {isa = PBXBuildFile; fileRef = 329F80B221087F35007E1542 /* libcrypto.a */; };
		32D5CF922108758D00918029 /* hashutil.cc in Sources */ = {isa = PBXBuildFile; fileRef = 32D5CF912108758D00918029 /* hashutil.cc */; };
		32E9C729211C183C00EA0737 /* libssl.a in Frameworks */ = {isa = PBXBuildFile; fileRef = 32E9C728211C183C00EA0737 /* libssl.a */; };
		32E9C72C211C1D9100EA0737 /* libcityhash.a in Frameworks */ = {isa = PBXBuildFile; fileRef = 32E9C72A211C194900EA0737 /* libcityhash.a */; };
		32E9C731211D510400EA0737 /* libfarmhash.a in Frameworks */ = {isa = PBXBuildFile; fileRef = 32E9C730211D510400EA0737 /* libfarmhash.a */; };
/* End PBXBuildFile section */

/* Begin PBXCopyFilesBuildPhase section */
		3247968220EF5BE100FDEC83 /* CopyFiles */ = {
			isa = PBXCopyFilesBuildPhase;
			buildActionMask = 2147483647;
			dstPath = /usr/share/man/man1/;
			dstSubfolderSpec = 0;
			files = (
			);
			runOnlyForDeploymentPostprocessing = 1;
		};
/* End PBXCopyFilesBuildPhase section */

/* Begin PBXFileReference section */
		3247968420EF5BE100FDEC83 /* MortonFilter */ = {isa = PBXFileReference; explicitFileType = "compiled.mach-o.executable"; includeInIndex = 0; path = MortonFilter; sourceTree = BUILT_PRODUCTS_DIR; };
		3247968720EF5BE100FDEC83 /* main.cpp */ = {isa = PBXFileReference; lastKnownFileType = sourcecode.cpp.cpp; path = main.cpp; sourceTree = "<group>"; };
		3247968F20EF5C6500FDEC83 /* MortonFilter.hpp */ = {isa = PBXFileReference; lastKnownFileType = sourcecode.cpp.h; path = MortonFilter.hpp; sourceTree = "<group>"; };
		3247969120EF5CAA00FDEC83 /* MurmurHash3.cpp */ = {isa = PBXFileReference; fileEncoding = 4; lastKnownFileType = sourcecode.cpp.cpp; name = MurmurHash3.cpp; path = ../../MurmurHash3.cpp; sourceTree = "<group>"; };
		3247969220EF5CAA00FDEC83 /* MurmurHash3.h */ = {isa = PBXFileReference; fileEncoding = 4; lastKnownFileType = sourcecode.c.h; name = MurmurHash3.h; path = ../../MurmurHash3.h; sourceTree = "<group>"; };
		3247969920F4B64900FDEC83 /* evp.h */ = {isa = PBXFileReference; lastKnownFileType = sourcecode.c.h; name = evp.h; path = ../../../../../usr/local/Cellar/openssl/1.0.2o_2/include/openssl/evp.h; sourceTree = "<group>"; };
		329F80AD21087D05007E1542 /* openssl */ = {isa = PBXFileReference; lastKnownFileType = folder; name = openssl; path = ../../../../../usr/local/Cellar/openssl/1.0.2o_2/include/openssl; sourceTree = "<group>"; };
		329F80AF21087D28007E1542 /* openssl */ = {isa = PBXFileReference; lastKnownFileType = folder; name = openssl; path = ../../../../../usr/local/Cellar/openssl; sourceTree = "<group>"; };
		329F80B221087F35007E1542 /* libcrypto.a */ = {isa = PBXFileReference; lastKnownFileType = archive.ar; name = libcrypto.a; path = ../../../../../usr/local/Cellar/openssl/1.0.2o_2/lib/libcrypto.a; sourceTree = "<group>"; };
		32C1A420210831E700215755 /* hashutil.h */ = {isa = PBXFileReference; fileEncoding = 4; lastKnownFileType = sourcecode.c.h; name = hashutil.h; path = "../../cuckoofilter-master/src/hashutil.h"; sourceTree = "<group>"; };
		32D5CF912108758D00918029 /* hashutil.cc */ = {isa = PBXFileReference; fileEncoding = 4; lastKnownFileType = sourcecode.cpp.cpp; name = hashutil.cc; path = "../../cuckoofilter-master/src/hashutil.cc"; sourceTree = "<group>"; };
		32E9C728211C183C00EA0737 /* libssl.a */ = {isa = PBXFileReference; lastKnownFileType = archive.ar; name = libssl.a; path = "../../../../../anaconda3/pkgs/openssl-1.0.2o-h26aff7b_0/lib/libssl.a"; sourceTree = "<group>"; };
		32E9C72A211C194900EA0737 /* libcityhash.a */ = {isa = PBXFileReference; lastKnownFileType = archive.ar; name = libcityhash.a; path = "../cityhash-master/src/.libs/libcityhash.a"; sourceTree = "<group>"; };
		32E9C730211D510400EA0737 /* libfarmhash.a */ = {isa = PBXFileReference; lastKnownFileType = archive.ar; name = libfarmhash.a; path = "../farmhash-master/src/.libs/libfarmhash.a"; sourceTree = "<group>"; };
/* End PBXFileReference section */

/* Begin PBXFrameworksBuildPhase section */
		3247968120EF5BE100FDEC83 /* Frameworks */ = {
			isa = PBXFrameworksBuildPhase;
			buildActionMask = 2147483647;
			files = (
				32E9C731211D510400EA0737 /* libfarmhash.a in Frameworks */,
				32E9C72C211C1D9100EA0737 /* libcityhash.a in Frameworks */,
				32E9C729211C183C00EA0737 /* libssl.a in Frameworks */,
				329F80B421087F35007E1542 /* libcrypto.a in Frameworks */,
			);
			runOnlyForDeploymentPostprocessing = 0;
		};
/* End PBXFrameworksBuildPhase section */

/* Begin PBXGroup section */
		3247967B20EF5BE100FDEC83 = {
			isa = PBXGroup;
			children = (
				3247968620EF5BE100FDEC83 /* MortonFilter */,
				3247968520EF5BE100FDEC83 /* Products */,
				3247969820F4B64800FDEC83 /* Frameworks */,
			);
			sourceTree = "<group>";
		};
		3247968520EF5BE100FDEC83 /* Products */ = {
			isa = PBXGroup;
			children = (
				3247968420EF5BE100FDEC83 /* MortonFilter */,
			);
			name = Products;
			sourceTree = "<group>";
		};
		3247968620EF5BE100FDEC83 /* MortonFilter */ = {
			isa = PBXGroup;
			children = (
				32D5CF912108758D00918029 /* hashutil.cc */,
				32C1A420210831E700215755 /* hashutil.h */,
				3247969120EF5CAA00FDEC83 /* MurmurHash3.cpp */,
				3247969220EF5CAA00FDEC83 /* MurmurHash3.h */,
				3247968720EF5BE100FDEC83 /* main.cpp */,
				3247968F20EF5C6500FDEC83 /* MortonFilter.hpp */,
			);
			path = MortonFilter;
			sourceTree = "<group>";
		};
		3247969820F4B64800FDEC83 /* Frameworks */ = {
			isa = PBXGroup;
			children = (
				32E9C730211D510400EA0737 /* libfarmhash.a */,
				32E9C72A211C194900EA0737 /* libcityhash.a */,
				32E9C728211C183C00EA0737 /* libssl.a */,
				329F80B221087F35007E1542 /* libcrypto.a */,
				329F80AD21087D05007E1542 /* openssl */,
				329F80AF21087D28007E1542 /* openssl */,
				3247969920F4B64900FDEC83 /* evp.h */,
			);
			name = Frameworks;
			sourceTree = "<group>";
		};
/* End PBXGroup section */

/* Begin PBXNativeTarget section */
		3247968320EF5BE100FDEC83 /* MortonFilter */ = {
			isa = PBXNativeTarget;
			buildConfigurationList = 3247968B20EF5BE100FDEC83 /* Build configuration list for PBXNativeTarget "MortonFilter" */;
			buildPhases = (
				3247968020EF5BE100FDEC83 /* Sources */,
				3247968120EF5BE100FDEC83 /* Frameworks */,
				3247968220EF5BE100FDEC83 /* CopyFiles */,
			);
			buildRules = (
			);
			dependencies = (
			);
			name = MortonFilter;
			productName = MortonFilter;
			productReference = 3247968420EF5BE100FDEC83 /* MortonFilter */;
			productType = "com.apple.product-type.tool";
		};
/* End PBXNativeTarget section */

/* Begin PBXProject section */
		3247967C20EF5BE100FDEC83 /* Project object */ = {
			isa = PBXProject;
			attributes = {
				LastUpgradeCheck = 0940;
				ORGANIZATIONNAME = "Ludovic Theobald";
				TargetAttributes = {
					3247968320EF5BE100FDEC83 = {
						CreatedOnToolsVersion = 9.4.1;
					};
				};
			};
			buildConfigurationList = 3247967F20EF5BE100FDEC83 /* Build configuration list for PBXProject "MortonFilter" */;
			compatibilityVersion = "Xcode 9.3";
			developmentRegion = en;
			hasScannedForEncodings = 0;
			knownRegions = (
				en,
			);
			mainGroup = 3247967B20EF5BE100FDEC83;
			productRefGroup = 3247968520EF5BE100FDEC83 /* Products */;
			projectDirPath = "";
			projectRoot = "";
			targets = (
				3247968320EF5BE100FDEC83 /* MortonFilter */,
			);
		};
/* End PBXProject section */

/* Begin PBXSourcesBuildPhase section */
		3247968020EF5BE100FDEC83 /* Sources */ = {
			isa = PBXSourcesBuildPhase;
			buildActionMask = 2147483647;
			files = (
				3247969B20F4B7A900FDEC83 /* main.cpp in Sources */,
				3247969320EF5CAA00FDEC83 /* MurmurHash3.cpp in Sources */,
				32D5CF922108758D00918029 /* hashutil.cc in Sources */,
			);
			runOnlyForDeploymentPostprocessing = 0;
		};
/* End PBXSourcesBuildPhase section */

/* Begin XCBuildConfiguration section */
		3247968920EF5BE100FDEC83 /* Debug */ = {
			isa = XCBuildConfiguration;
			buildSettings = {
				ALWAYS_SEARCH_USER_PATHS = NO;
				CLANG_ANALYZER_NONNULL = YES;
				CLANG_ANALYZER_NUMBER_OBJECT_CONVERSION = YES_AGGRESSIVE;
				CLANG_CXX_LANGUAGE_STANDARD = "gnu++14";
				CLANG_CXX_LIBRARY = "libc++";
				CLANG_ENABLE_MODULES = YES;
				CLANG_ENABLE_OBJC_ARC = YES;
				CLANG_ENABLE_OBJC_WEAK = YES;
				CLANG_WARN_BLOCK_CAPTURE_AUTORELEASING = YES;
				CLANG_WARN_BOOL_CONVERSION = YES;
				CLANG_WARN_COMMA = YES;
				CLANG_WARN_CONSTANT_CONVERSION = YES;
				CLANG_WARN_DEPRECATED_OBJC_IMPLEMENTATIONS = YES;
				CLANG_WARN_DIRECT_OBJC_ISA_USAGE = YES_ERROR;
				CLANG_WARN_DOCUMENTATION_COMMENTS = YES;
				CLANG_WARN_EMPTY_BODY = YES;
				CLANG_WARN_ENUM_CONVERSION = YES;
				CLANG_WARN_INFINITE_RECURSION = YES;
				CLANG_WARN_INT_CONVERSION = YES;
				CLANG_WARN_NON_LITERAL_NULL_CONVERSION = YES;
				CLANG_WARN_OBJC_IMPLICIT_RETAIN_SELF = YES;
				CLANG_WARN_OBJC_LITERAL_CONVERSION = YES;
				CLANG_WARN_OBJC_ROOT_CLASS = YES_ERROR;
				CLANG_WARN_RANGE_LOOP_ANALYSIS = YES;
				CLANG_WARN_STRICT_PROTOTYPES = YES;
				CLANG_WARN_SUSPICIOUS_MOVE = YES;
				CLANG_WARN_UNGUARDED_AVAILABILITY = YES_AGGRESSIVE;
				CLANG_WARN_UNREACHABLE_CODE = YES;
				CLANG_WARN__DUPLICATE_METHOD_MATCH = YES;
				CODE_SIGN_IDENTITY = "-";
				COPY_PHASE_STRIP = NO;
				DEBUG_INFORMATION_FORMAT = dwarf;
				ENABLE_STRICT_OBJC_MSGSEND = YES;
				ENABLE_TESTABILITY = YES;
				GCC_C_LANGUAGE_STANDARD = c11;
				GCC_DYNAMIC_NO_PIC = NO;
				GCC_NO_COMMON_BLOCKS = YES;
				GCC_OPTIMIZATION_LEVEL = 0;
				GCC_PREPROCESSOR_DEFINITIONS = (
					"DEBUG=1",
					"$(inherited)",
				);
				GCC_WARN_64_TO_32_BIT_CONVERSION = YES;
				GCC_WARN_ABOUT_RETURN_TYPE = YES_ERROR;
				GCC_WARN_UNDECLARED_SELECTOR = YES;
				GCC_WARN_UNINITIALIZED_AUTOS = YES_AGGRESSIVE;
				GCC_WARN_UNUSED_FUNCTION = YES;
				GCC_WARN_UNUSED_VARIABLE = YES;
				HEADER_SEARCH_PATHS = /usr/local/Cellar/openssl/1.0.2o_2/include;
				LIBRARY_SEARCH_PATHS = "\"$(SRCROOT)/../cityhash-master/src/.libs\"";
				MACOSX_DEPLOYMENT_TARGET = 10.13;
				MTL_ENABLE_DEBUG_INFO = YES;
				ONLY_ACTIVE_ARCH = YES;
				SDKROOT = macosx;
			};
			name = Debug;
		};
		3247968A20EF5BE100FDEC83 /* Release */ = {
			isa = XCBuildConfiguration;
			buildSettings = {
				ALWAYS_SEARCH_USER_PATHS = NO;
				CLANG_ANALYZER_NONNULL = YES;
				CLANG_ANALYZER_NUMBER_OBJECT_CONVERSION = YES_AGGRESSIVE;
				CLANG_CXX_LANGUAGE_STANDARD = "gnu++14";
				CLANG_CXX_LIBRARY = "libc++";
				CLANG_ENABLE_MODULES = YES;
				CLANG_ENABLE_OBJC_ARC = YES;
				CLANG_ENABLE_OBJC_WEAK = YES;
				CLANG_WARN_BLOCK_CAPTURE_AUTORELEASING = YES;
				CLANG_WARN_BOOL_CONVERSION = YES;
				CLANG_WARN_COMMA = YES;
				CLANG_WARN_CONSTANT_CONVERSION = YES;
				CLANG_WARN_DEPRECATED_OBJC_IMPLEMENTATIONS = YES;
				CLANG_WARN_DIRECT_OBJC_ISA_USAGE = YES_ERROR;
				CLANG_WARN_DOCUMENTATION_COMMENTS = YES;
				CLANG_WARN_EMPTY_BODY = YES;
				CLANG_WARN_ENUM_CONVERSION = YES;
				CLANG_WARN_INFINITE_RECURSION = YES;
				CLANG_WARN_INT_CONVERSION = YES;
				CLANG_WARN_NON_LITERAL_NULL_CONVERSION = YES;
				CLANG_WARN_OBJC_IMPLICIT_RETAIN_SELF = YES;
				CLANG_WARN_OBJC_LITERAL_CONVERSION = YES;
				CLANG_WARN_OBJC_ROOT_CLASS = YES_ERROR;
				CLANG_WARN_RANGE_LOOP_ANALYSIS = YES;
				CLANG_WARN_STRICT_PROTOTYPES = YES;
				CLANG_WARN_SUSPICIOUS_MOVE = YES;
				CLANG_WARN_UNGUARDED_AVAILABILITY = YES_AGGRESSIVE;
				CLANG_WARN_UNREACHABLE_CODE = YES;
				CLANG_WARN__DUPLICATE_METHOD_MATCH = YES;
				CODE_SIGN_IDENTITY = "-";
				COPY_PHASE_STRIP = NO;
				DEBUG_INFORMATION_FORMAT = "dwarf-with-dsym";
				ENABLE_NS_ASSERTIONS = NO;
				ENABLE_STRICT_OBJC_MSGSEND = YES;
				GCC_C_LANGUAGE_STANDARD = c11;
				GCC_NO_COMMON_BLOCKS = YES;
				GCC_OPTIMIZATION_LEVEL = 0;
				GCC_WARN_64_TO_32_BIT_CONVERSION = YES;
				GCC_WARN_ABOUT_RETURN_TYPE = YES_ERROR;
				GCC_WARN_UNDECLARED_SELECTOR = YES;
				GCC_WARN_UNINITIALIZED_AUTOS = YES_AGGRESSIVE;
				GCC_WARN_UNUSED_FUNCTION = YES;
				GCC_WARN_UNUSED_VARIABLE = YES;
				HEADER_SEARCH_PATHS = /usr/local/Cellar/openssl/1.0.2o_2/include;
				LIBRARY_SEARCH_PATHS = "\"$(SRCROOT)/../cityhash-master/src/.libs\"";
				MACOSX_DEPLOYMENT_TARGET = 10.13;
				MTL_ENABLE_DEBUG_INFO = NO;
				SDKROOT = macosx;
			};
			name = Release;
		};
		3247968C20EF5BE100FDEC83 /* Debug */ = {
			isa = XCBuildConfiguration;
			buildSettings = {
				CLANG_USE_OPTIMIZATION_PROFILE = NO;
				CODE_SIGN_STYLE = Automatic;
				HEADER_SEARCH_PATHS = (
					/usr/local/Cellar/openssl/1.0.2o_2/include,
					"\"$(SRCROOT)/../cityhash-master/src\"",
					"\"$(SRCROOT)/../farmhash-master/src\"",
				);
				LIBRARY_SEARCH_PATHS = (
					"$(inherited)",
					/usr/local/Cellar/openssl/1.0.2o_2/lib,
					"\"$(SRCROOT)/../cityhash-master/src/.libs\"",
					"/Users/ludovictheobald/Dash/Filter-Tester/farmhash-master/src/.libs",
				);
				MACH_O_TYPE = mh_execute;
				OTHER_CFLAGS = "";
				OTHER_CPLUSPLUSFLAGS = "";
				OTHER_LDFLAGS = "-L/usr/local/Cellar/openssl/1.0.2o_2/lib";
				PRODUCT_NAME = "$(TARGET_NAME)";
			};
			name = Debug;
		};
		3247968D20EF5BE100FDEC83 /* Release */ = {
			isa = XCBuildConfiguration;
			buildSettings = {
				CLANG_USE_OPTIMIZATION_PROFILE = NO;
				CODE_SIGN_STYLE = Automatic;
				HEADER_SEARCH_PATHS = (
					/usr/local/Cellar/openssl/1.0.2o_2/include,
					"\"$(SRCROOT)/../cityhash-master/src\"",
					"\"$(SRCROOT)/../farmhash-master/src\"",
				);
				LIBRARY_SEARCH_PATHS = (
					"$(inherited)",
					/usr/local/Cellar/openssl/1.0.2o_2/lib,
					"\"$(SRCROOT)/../cityhash-master/src/.libs\"",
					"/Users/ludovictheobald/Dash/Filter-Tester/farmhash-master/src/.libs",
				);
				MACH_O_TYPE = mh_execute;
				OTHER_CFLAGS = "";
				OTHER_CPLUSPLUSFLAGS = "";
				OTHER_LDFLAGS = "-L/usr/local/Cellar/openssl/1.0.2o_2/lib";
				PRODUCT_NAME = "$(TARGET_NAME)";
			};
			name = Release;
		};
/* End XCBuildConfiguration section */

/* Begin XCConfigurationList section */
		3247967F20EF5BE100FDEC83 /* Build configuration list for PBXProject "MortonFilter" */ = {
			isa = XCConfigurationList;
			buildConfigurations = (
				3247968920EF5BE100FDEC83 /* Debug */,
				3247968A20EF5BE100FDEC83 /* Release */,
			);
			defaultConfigurationIsVisible = 0;
			defaultConfigurationName = Release;
		};
		3247968B20EF5BE100FDEC83 /* Build configuration list for PBXNativeTarget "MortonFilter" */ = {
			isa = XCConfigurationList;
			buildConfigurations = (
				3247968C20EF5BE100FDEC83 /* Debug */,
				3247968D20EF5BE100FDEC83 /* Release */,
			);
			defaultConfigurationIsVisible = 0;
			defaultConfigurationName = Release;
		};
/* End XCConfigurationList section */
	};
	rootObject = 3247967C20EF5BE100FDEC83 /* Project object */;
}
